{
  "object": {
    "pins": [
      {
        "package": "SwiftUIKit",
        "repositoryURL": "https://github.com/danielsaidi/SwiftUIKit.git",
        "state": {
          "branch": null,
          "revision": "b62141cde41e9d10f37bf132f2b1e546702f92c5",
          "version": "0.5.0"
        }
      }
    ]
  },
  "version": 1
}
