// !$*UTF8*$!
{
	archiveVersion = 1;
	classes = {
	};
	objectVersion = 50;
	objects = {

/* Begin PBXBuildFile section */
		2959127C221720F40011EC2E /* AppDelegate.swift in Sources */ = {isa = PBXBuildFile; fileRef = 2959127B221720F40011EC2E /* AppDelegate.swift */; };
		2959127E221720F40011EC2E /* ViewController.swift in Sources */ = {isa = PBXBuildFile; fileRef = 2959127D221720F40011EC2E /* ViewController.swift */; };
		29591283221720F90011EC2E /* Assets.xcassets in Resources */ = {isa = PBXBuildFile; fileRef = 29591282221720F90011EC2E /* Assets.xcassets */; };
		29591286221720F90011EC2E /* LaunchScreen.storyboard in Resources */ = {isa = PBXBuildFile; fileRef = 29591284221720F90011EC2E /* LaunchScreen.storyboard */; };
		2959128C221722E60011EC2E /* NDWelcomeViewController.swift in Sources */ = {isa = PBXBuildFile; fileRef = 2959128B221722E60011EC2E /* NDWelcomeViewController.swift */; };
		2959129122174E830011EC2E /* NDKit.framework in Embed Frameworks */ = {isa = PBXBuildFile; fileRef = 29ED7B0221E9F21F0094D65D /* NDKit.framework */; settings = {ATTRIBUTES = (CodeSignOnCopy, RemoveHeadersOnCopy, ); }; };
		29D649EA2219CAD900527FB2 /* UIViewController+DismissAnimated.swift in Sources */ = {isa = PBXBuildFile; fileRef = 29D649E92219CAD900527FB2 /* UIViewController+DismissAnimated.swift */; };
		29D649EC2219D1B300527FB2 /* Bundle+Version.swift in Sources */ = {isa = PBXBuildFile; fileRef = 29D649EB2219D1B200527FB2 /* Bundle+Version.swift */; };
		29ED7B0721E9F21F0094D65D /* NDKit.h in Headers */ = {isa = PBXBuildFile; fileRef = 29ED7B0521E9F21F0094D65D /* NDKit.h */; settings = {ATTRIBUTES = (Public, ); }; };
		29ED7B0F21E9F2ED0094D65D /* UIViewController+PresentInOverlayWindow.swift in Sources */ = {isa = PBXBuildFile; fileRef = 29ED7B0E21E9F2ED0094D65D /* UIViewController+PresentInOverlayWindow.swift */; };
		29ED7B1121E9F4B30094D65D /* UIView+addSubviewWIthLayout.swift in Sources */ = {isa = PBXBuildFile; fileRef = 29ED7B1021E9F4B30094D65D /* UIView+addSubviewWIthLayout.swift */; };
		29ED7B1321E9F9E80094D65D /* UIView+attachView.swift in Sources */ = {isa = PBXBuildFile; fileRef = 29ED7B1221E9F9E80094D65D /* UIView+attachView.swift */; };
		3714DBD0227B310D00B35AE6 /* Codextended.swift in Sources */ = {isa = PBXBuildFile; fileRef = 3714DBCE227B30C700B35AE6 /* Codextended.swift */; };
		3714DBD2227B314A00B35AE6 /* AutoLayoutExtensions.swift in Sources */ = {isa = PBXBuildFile; fileRef = 37DE4FAC221F0A73009708AA /* AutoLayoutExtensions.swift */; };
		371F15B12204992E003DECCC /* UIImage+CVPixelBuffer.swift in Sources */ = {isa = PBXBuildFile; fileRef = 371F15B02204992E003DECCC /* UIImage+CVPixelBuffer.swift */; };
		3723170D223BAEDF007617A8 /* Icons.xcassets in Resources */ = {isa = PBXBuildFile; fileRef = 3723170C223BAEDF007617A8 /* Icons.xcassets */; };
		3723170F223BB8C9007617A8 /* UIImage+NDKitIcons.swift in Sources */ = {isa = PBXBuildFile; fileRef = 3723170E223BB8C9007617A8 /* UIImage+NDKitIcons.swift */; };
		37361DA12268BFAE00519A4F /* TimeInterval+Units.swift in Sources */ = {isa = PBXBuildFile; fileRef = 37361DA02268BFAE00519A4F /* TimeInterval+Units.swift */; };
		376ED3E3231D139E00DE3CB4 /* UIImage+Resize.swift in Sources */ = {isa = PBXBuildFile; fileRef = 376ED3E2231D139E00DE3CB4 /* UIImage+Resize.swift */; };
/* End PBXBuildFile section */

/* Begin PBXContainerItemProxy section */
		2959128D22174E6E0011EC2E /* PBXContainerItemProxy */ = {
			isa = PBXContainerItemProxy;
			containerPortal = 29ED7AF921E9F21E0094D65D /* Project object */;
			proxyType = 1;
			remoteGlobalIDString = 29ED7B0121E9F21F0094D65D;
			remoteInfo = NDKit;
		};
/* End PBXContainerItemProxy section */

/* Begin PBXCopyFilesBuildPhase section */
		2959129222174E830011EC2E /* Embed Frameworks */ = {
			isa = PBXCopyFilesBuildPhase;
			buildActionMask = 2147483647;
			dstPath = "";
			dstSubfolderSpec = 10;
			files = (
				2959129122174E830011EC2E /* NDKit.framework in Embed Frameworks */,
			);
			name = "Embed Frameworks";
			runOnlyForDeploymentPostprocessing = 0;
		};
/* End PBXCopyFilesBuildPhase section */

/* Begin PBXFileReference section */
		29591279221720F40011EC2E /* NiDemo.app */ = {isa = PBXFileReference; explicitFileType = wrapper.application; includeInIndex = 0; path = NiDemo.app; sourceTree = BUILT_PRODUCTS_DIR; };
		2959127B221720F40011EC2E /* AppDelegate.swift */ = {isa = PBXFileReference; lastKnownFileType = sourcecode.swift; path = AppDelegate.swift; sourceTree = "<group>"; };
		2959127D221720F40011EC2E /* ViewController.swift */ = {isa = PBXFileReference; lastKnownFileType = sourcecode.swift; path = ViewController.swift; sourceTree = "<group>"; };
		29591282221720F90011EC2E /* Assets.xcassets */ = {isa = PBXFileReference; lastKnownFileType = folder.assetcatalog; path = Assets.xcassets; sourceTree = "<group>"; };
		29591285221720F90011EC2E /* Base */ = {isa = PBXFileReference; lastKnownFileType = file.storyboard; name = Base; path = Base.lproj/LaunchScreen.storyboard; sourceTree = "<group>"; };
		29591287221720F90011EC2E /* Info.plist */ = {isa = PBXFileReference; lastKnownFileType = text.plist.xml; path = Info.plist; sourceTree = "<group>"; };
		2959128B221722E60011EC2E /* NDWelcomeViewController.swift */ = {isa = PBXFileReference; lastKnownFileType = sourcecode.swift; path = NDWelcomeViewController.swift; sourceTree = "<group>"; };
		29D649E92219CAD900527FB2 /* UIViewController+DismissAnimated.swift */ = {isa = PBXFileReference; lastKnownFileType = sourcecode.swift; path = "UIViewController+DismissAnimated.swift"; sourceTree = "<group>"; };
		29D649EB2219D1B200527FB2 /* Bundle+Version.swift */ = {isa = PBXFileReference; lastKnownFileType = sourcecode.swift; path = "Bundle+Version.swift"; sourceTree = "<group>"; };
		29ED7B0221E9F21F0094D65D /* NDKit.framework */ = {isa = PBXFileReference; explicitFileType = wrapper.framework; includeInIndex = 0; path = NDKit.framework; sourceTree = BUILT_PRODUCTS_DIR; };
		29ED7B0521E9F21F0094D65D /* NDKit.h */ = {isa = PBXFileReference; lastKnownFileType = sourcecode.c.h; path = NDKit.h; sourceTree = "<group>"; };
		29ED7B0621E9F21F0094D65D /* Info.plist */ = {isa = PBXFileReference; lastKnownFileType = text.plist.xml; path = Info.plist; sourceTree = "<group>"; };
		29ED7B0E21E9F2ED0094D65D /* UIViewController+PresentInOverlayWindow.swift */ = {isa = PBXFileReference; lastKnownFileType = sourcecode.swift; path = "UIViewController+PresentInOverlayWindow.swift"; sourceTree = "<group>"; };
		29ED7B1021E9F4B30094D65D /* UIView+addSubviewWIthLayout.swift */ = {isa = PBXFileReference; lastKnownFileType = sourcecode.swift; path = "UIView+addSubviewWIthLayout.swift"; sourceTree = "<group>"; };
		29ED7B1221E9F9E80094D65D /* UIView+attachView.swift */ = {isa = PBXFileReference; lastKnownFileType = sourcecode.swift; path = "UIView+attachView.swift"; sourceTree = "<group>"; };
		3714DBCE227B30C700B35AE6 /* Codextended.swift */ = {isa = PBXFileReference; fileEncoding = 4; lastKnownFileType = sourcecode.swift; name = Codextended.swift; path = Submodules/Codextended/Sources/Codextended/Codextended.swift; sourceTree = "<group>"; };
		371F15B02204992E003DECCC /* UIImage+CVPixelBuffer.swift */ = {isa = PBXFileReference; lastKnownFileType = sourcecode.swift; path = "UIImage+CVPixelBuffer.swift"; sourceTree = "<group>"; };
		3723170C223BAEDF007617A8 /* Icons.xcassets */ = {isa = PBXFileReference; lastKnownFileType = folder.assetcatalog; path = Icons.xcassets; sourceTree = "<group>"; };
		3723170E223BB8C9007617A8 /* UIImage+NDKitIcons.swift */ = {isa = PBXFileReference; lastKnownFileType = sourcecode.swift; path = "UIImage+NDKitIcons.swift"; sourceTree = "<group>"; };
		37361DA02268BFAE00519A4F /* TimeInterval+Units.swift */ = {isa = PBXFileReference; lastKnownFileType = sourcecode.swift; path = "TimeInterval+Units.swift"; sourceTree = "<group>"; };
		376ED3E2231D139E00DE3CB4 /* UIImage+Resize.swift */ = {isa = PBXFileReference; lastKnownFileType = sourcecode.swift; path = "UIImage+Resize.swift"; sourceTree = "<group>"; };
		37DE4FAC221F0A73009708AA /* AutoLayoutExtensions.swift */ = {isa = PBXFileReference; lastKnownFileType = sourcecode.swift; path = AutoLayoutExtensions.swift; sourceTree = "<group>"; };
/* End PBXFileReference section */

/* Begin PBXFrameworksBuildPhase section */
		29591276221720F40011EC2E /* Frameworks */ = {
			isa = PBXFrameworksBuildPhase;
			buildActionMask = 2147483647;
			files = (
			);
			runOnlyForDeploymentPostprocessing = 0;
		};
		29ED7AFF21E9F21F0094D65D /* Frameworks */ = {
			isa = PBXFrameworksBuildPhase;
			buildActionMask = 2147483647;
			files = (
			);
			runOnlyForDeploymentPostprocessing = 0;
		};
/* End PBXFrameworksBuildPhase section */

/* Begin PBXGroup section */
		2959127A221720F40011EC2E /* NiDemo */ = {
			isa = PBXGroup;
			children = (
				2959127B221720F40011EC2E /* AppDelegate.swift */,
				2959127D221720F40011EC2E /* ViewController.swift */,
				29591282221720F90011EC2E /* Assets.xcassets */,
				29591284221720F90011EC2E /* LaunchScreen.storyboard */,
				29591287221720F90011EC2E /* Info.plist */,
			);
			path = NiDemo;
			sourceTree = "<group>";
		};
		29ED7AF821E9F21E0094D65D = {
			isa = PBXGroup;
			children = (
				372124E0227607B900B51FF2 /* Third Party */,
				29ED7B0D21E9F2350094D65D /* Source */,
				29ED7B0421E9F21F0094D65D /* Resources */,
				2959127A221720F40011EC2E /* NiDemo */,
				29ED7B0321E9F21F0094D65D /* Products */,
			);
			sourceTree = "<group>";
		};
		29ED7B0321E9F21F0094D65D /* Products */ = {
			isa = PBXGroup;
			children = (
				29ED7B0221E9F21F0094D65D /* NDKit.framework */,
				29591279221720F40011EC2E /* NiDemo.app */,
			);
			name = Products;
			sourceTree = "<group>";
		};
		29ED7B0421E9F21F0094D65D /* Resources */ = {
			isa = PBXGroup;
			children = (
				29ED7B0521E9F21F0094D65D /* NDKit.h */,
				29ED7B0621E9F21F0094D65D /* Info.plist */,
				3723170C223BAEDF007617A8 /* Icons.xcassets */,
			);
			path = Resources;
			sourceTree = "<group>";
		};
		29ED7B0D21E9F2350094D65D /* Source */ = {
			isa = PBXGroup;
			children = (
				29ED7B0E21E9F2ED0094D65D /* UIViewController+PresentInOverlayWindow.swift */,
				29ED7B1021E9F4B30094D65D /* UIView+addSubviewWIthLayout.swift */,
				29ED7B1221E9F9E80094D65D /* UIView+attachView.swift */,
				371F15B02204992E003DECCC /* UIImage+CVPixelBuffer.swift */,
				2959128B221722E60011EC2E /* NDWelcomeViewController.swift */,
				29D649E92219CAD900527FB2 /* UIViewController+DismissAnimated.swift */,
				29D649EB2219D1B200527FB2 /* Bundle+Version.swift */,
				37DE4FAC221F0A73009708AA /* AutoLayoutExtensions.swift */,
				3723170E223BB8C9007617A8 /* UIImage+NDKitIcons.swift */,
				37361DA02268BFAE00519A4F /* TimeInterval+Units.swift */,
				376ED3E2231D139E00DE3CB4 /* UIImage+Resize.swift */,
			);
			path = Source;
			sourceTree = "<group>";
		};
		372124E0227607B900B51FF2 /* Third Party */ = {
			isa = PBXGroup;
			children = (
				3714DBCE227B30C700B35AE6 /* Codextended.swift */,
			);
			name = "Third Party";
			sourceTree = "<group>";
		};
/* End PBXGroup section */

/* Begin PBXHeadersBuildPhase section */
		29ED7AFD21E9F21F0094D65D /* Headers */ = {
			isa = PBXHeadersBuildPhase;
			buildActionMask = 2147483647;
			files = (
				29ED7B0721E9F21F0094D65D /* NDKit.h in Headers */,
			);
			runOnlyForDeploymentPostprocessing = 0;
		};
/* End PBXHeadersBuildPhase section */

/* Begin PBXNativeTarget section */
		29591278221720F40011EC2E /* NiDemo */ = {
			isa = PBXNativeTarget;
			buildConfigurationList = 2959128A221720F90011EC2E /* Build configuration list for PBXNativeTarget "NiDemo" */;
			buildPhases = (
				29591275221720F40011EC2E /* Sources */,
				29591276221720F40011EC2E /* Frameworks */,
				29591277221720F40011EC2E /* Resources */,
				2959129222174E830011EC2E /* Embed Frameworks */,
			);
			buildRules = (
			);
			dependencies = (
				2959128E22174E6E0011EC2E /* PBXTargetDependency */,
			);
			name = NiDemo;
			productName = NiDemo;
			productReference = 29591279221720F40011EC2E /* NiDemo.app */;
			productType = "com.apple.product-type.application";
		};
		29ED7B0121E9F21F0094D65D /* NDKit */ = {
			isa = PBXNativeTarget;
			buildConfigurationList = 29ED7B0A21E9F21F0094D65D /* Build configuration list for PBXNativeTarget "NDKit" */;
			buildPhases = (
				29ED7AFD21E9F21F0094D65D /* Headers */,
				29ED7AFE21E9F21F0094D65D /* Sources */,
				29ED7AFF21E9F21F0094D65D /* Frameworks */,
				29ED7B0021E9F21F0094D65D /* Resources */,
			);
			buildRules = (
			);
			dependencies = (
			);
			name = NDKit;
			productName = NDKit;
			productReference = 29ED7B0221E9F21F0094D65D /* NDKit.framework */;
			productType = "com.apple.product-type.framework";
		};
/* End PBXNativeTarget section */

/* Begin PBXProject section */
		29ED7AF921E9F21E0094D65D /* Project object */ = {
			isa = PBXProject;
			attributes = {
				LastSwiftUpdateCheck = 1010;
				LastUpgradeCheck = 1010;
				ORGANIZATIONNAME = "Nicolas Degen";
				TargetAttributes = {
					29591278221720F40011EC2E = {
						CreatedOnToolsVersion = 10.1;
					};
					29ED7B0121E9F21F0094D65D = {
						CreatedOnToolsVersion = 10.1;
						LastSwiftMigration = 1020;
					};
				};
			};
			buildConfigurationList = 29ED7AFC21E9F21E0094D65D /* Build configuration list for PBXProject "NDKit" */;
			compatibilityVersion = "Xcode 9.3";
			developmentRegion = en;
			hasScannedForEncodings = 0;
			knownRegions = (
				en,
				Base,
			);
			mainGroup = 29ED7AF821E9F21E0094D65D;
			productRefGroup = 29ED7B0321E9F21F0094D65D /* Products */;
			projectDirPath = "";
			projectRoot = "";
			targets = (
				29ED7B0121E9F21F0094D65D /* NDKit */,
				29591278221720F40011EC2E /* NiDemo */,
			);
		};
/* End PBXProject section */

/* Begin PBXResourcesBuildPhase section */
		29591277221720F40011EC2E /* Resources */ = {
			isa = PBXResourcesBuildPhase;
			buildActionMask = 2147483647;
			files = (
				29591286221720F90011EC2E /* LaunchScreen.storyboard in Resources */,
				29591283221720F90011EC2E /* Assets.xcassets in Resources */,
			);
			runOnlyForDeploymentPostprocessing = 0;
		};
		29ED7B0021E9F21F0094D65D /* Resources */ = {
			isa = PBXResourcesBuildPhase;
			buildActionMask = 2147483647;
			files = (
				3723170D223BAEDF007617A8 /* Icons.xcassets in Resources */,
			);
			runOnlyForDeploymentPostprocessing = 0;
		};
/* End PBXResourcesBuildPhase section */

/* Begin PBXSourcesBuildPhase section */
		29591275221720F40011EC2E /* Sources */ = {
			isa = PBXSourcesBuildPhase;
			buildActionMask = 2147483647;
			files = (
				2959127E221720F40011EC2E /* ViewController.swift in Sources */,
				2959127C221720F40011EC2E /* AppDelegate.swift in Sources */,
			);
			runOnlyForDeploymentPostprocessing = 0;
		};
		29ED7AFE21E9F21F0094D65D /* Sources */ = {
			isa = PBXSourcesBuildPhase;
			buildActionMask = 2147483647;
			files = (
				29ED7B1321E9F9E80094D65D /* UIView+attachView.swift in Sources */,
				2959128C221722E60011EC2E /* NDWelcomeViewController.swift in Sources */,
				3723170F223BB8C9007617A8 /* UIImage+NDKitIcons.swift in Sources */,
				37361DA12268BFAE00519A4F /* TimeInterval+Units.swift in Sources */,
				29D649EA2219CAD900527FB2 /* UIViewController+DismissAnimated.swift in Sources */,
				376ED3E3231D139E00DE3CB4 /* UIImage+Resize.swift in Sources */,
				3714DBD0227B310D00B35AE6 /* Codextended.swift in Sources */,
				3714DBD2227B314A00B35AE6 /* AutoLayoutExtensions.swift in Sources */,
				29ED7B1121E9F4B30094D65D /* UIView+addSubviewWIthLayout.swift in Sources */,
				29D649EC2219D1B300527FB2 /* Bundle+Version.swift in Sources */,
				29ED7B0F21E9F2ED0094D65D /* UIViewController+PresentInOverlayWindow.swift in Sources */,
				371F15B12204992E003DECCC /* UIImage+CVPixelBuffer.swift in Sources */,
			);
			runOnlyForDeploymentPostprocessing = 0;
		};
/* End PBXSourcesBuildPhase section */

/* Begin PBXTargetDependency section */
		2959128E22174E6E0011EC2E /* PBXTargetDependency */ = {
			isa = PBXTargetDependency;
			target = 29ED7B0121E9F21F0094D65D /* NDKit */;
			targetProxy = 2959128D22174E6E0011EC2E /* PBXContainerItemProxy */;
		};
/* End PBXTargetDependency section */

/* Begin PBXVariantGroup section */
		29591284221720F90011EC2E /* LaunchScreen.storyboard */ = {
			isa = PBXVariantGroup;
			children = (
				29591285221720F90011EC2E /* Base */,
			);
			name = LaunchScreen.storyboard;
			sourceTree = "<group>";
		};
/* End PBXVariantGroup section */

/* Begin XCBuildConfiguration section */
		29591288221720F90011EC2E /* Debug */ = {
			isa = XCBuildConfiguration;
			buildSettings = {
				ALWAYS_EMBED_SWIFT_STANDARD_LIBRARIES = YES;
				ASSETCATALOG_COMPILER_APPICON_NAME = AppIcon;
				CODE_SIGN_STYLE = Automatic;
				DEVELOPMENT_TEAM = C56P24GUF3;
				INFOPLIST_FILE = NiDemo/Info.plist;
				LD_RUNPATH_SEARCH_PATHS = (
					"$(inherited)",
					"@executable_path/Frameworks",
				);
				OTHER_LDFLAGS = "-ObjC";
				PRODUCT_BUNDLE_IDENTIFIER = com.nide.NiDemo;
				PRODUCT_NAME = "$(TARGET_NAME)";
				SWIFT_VERSION = 4.2;
				TARGETED_DEVICE_FAMILY = "1,2";
			};
			name = Debug;
		};
		29591289221720F90011EC2E /* Release */ = {
			isa = XCBuildConfiguration;
			buildSettings = {
				ALWAYS_EMBED_SWIFT_STANDARD_LIBRARIES = YES;
				ASSETCATALOG_COMPILER_APPICON_NAME = AppIcon;
				CODE_SIGN_STYLE = Automatic;
				DEVELOPMENT_TEAM = C56P24GUF3;
				INFOPLIST_FILE = NiDemo/Info.plist;
				LD_RUNPATH_SEARCH_PATHS = (
					"$(inherited)",
					"@executable_path/Frameworks",
				);
				OTHER_LDFLAGS = "-ObjC";
				PRODUCT_BUNDLE_IDENTIFIER = com.nide.NiDemo;
				PRODUCT_NAME = "$(TARGET_NAME)";
				SWIFT_VERSION = 4.2;
				TARGETED_DEVICE_FAMILY = "1,2";
			};
			name = Release;
		};
		29ED7B0821E9F21F0094D65D /* Debug */ = {
			isa = XCBuildConfiguration;
			buildSettings = {
				ALWAYS_SEARCH_USER_PATHS = NO;
				CLANG_ANALYZER_NONNULL = YES;
				CLANG_ANALYZER_NUMBER_OBJECT_CONVERSION = YES_AGGRESSIVE;
				CLANG_CXX_LANGUAGE_STANDARD = "gnu++14";
				CLANG_CXX_LIBRARY = "libc++";
				CLANG_ENABLE_MODULES = YES;
				CLANG_ENABLE_OBJC_ARC = YES;
				CLANG_ENABLE_OBJC_WEAK = YES;
				CLANG_WARN_BLOCK_CAPTURE_AUTORELEASING = YES;
				CLANG_WARN_BOOL_CONVERSION = YES;
				CLANG_WARN_COMMA = YES;
				CLANG_WARN_CONSTANT_CONVERSION = YES;
				CLANG_WARN_DEPRECATED_OBJC_IMPLEMENTATIONS = YES;
				CLANG_WARN_DIRECT_OBJC_ISA_USAGE = YES_ERROR;
				CLANG_WARN_DOCUMENTATION_COMMENTS = YES;
				CLANG_WARN_EMPTY_BODY = YES;
				CLANG_WARN_ENUM_CONVERSION = YES;
				CLANG_WARN_INFINITE_RECURSION = YES;
				CLANG_WARN_INT_CONVERSION = YES;
				CLANG_WARN_NON_LITERAL_NULL_CONVERSION = YES;
				CLANG_WARN_OBJC_IMPLICIT_RETAIN_SELF = YES;
				CLANG_WARN_OBJC_LITERAL_CONVERSION = YES;
				CLANG_WARN_OBJC_ROOT_CLASS = YES_ERROR;
				CLANG_WARN_RANGE_LOOP_ANALYSIS = YES;
				CLANG_WARN_STRICT_PROTOTYPES = YES;
				CLANG_WARN_SUSPICIOUS_MOVE = YES;
				CLANG_WARN_UNGUARDED_AVAILABILITY = YES_AGGRESSIVE;
				CLANG_WARN_UNREACHABLE_CODE = YES;
				CLANG_WARN__DUPLICATE_METHOD_MATCH = YES;
				CODE_SIGN_IDENTITY = "iPhone Developer";
				COPY_PHASE_STRIP = NO;
				CURRENT_PROJECT_VERSION = 1;
				DEBUG_INFORMATION_FORMAT = dwarf;
				ENABLE_STRICT_OBJC_MSGSEND = YES;
				ENABLE_TESTABILITY = YES;
				GCC_C_LANGUAGE_STANDARD = gnu11;
				GCC_DYNAMIC_NO_PIC = NO;
				GCC_NO_COMMON_BLOCKS = YES;
				GCC_OPTIMIZATION_LEVEL = 0;
				GCC_PREPROCESSOR_DEFINITIONS = (
					"DEBUG=1",
					"$(inherited)",
				);
				GCC_WARN_64_TO_32_BIT_CONVERSION = YES;
				GCC_WARN_ABOUT_RETURN_TYPE = YES_ERROR;
				GCC_WARN_UNDECLARED_SELECTOR = YES;
				GCC_WARN_UNINITIALIZED_AUTOS = YES_AGGRESSIVE;
				GCC_WARN_UNUSED_FUNCTION = YES;
				GCC_WARN_UNUSED_VARIABLE = YES;
				IPHONEOS_DEPLOYMENT_TARGET = 12.1;
				MTL_ENABLE_DEBUG_INFO = INCLUDE_SOURCE;
				MTL_FAST_MATH = YES;
				ONLY_ACTIVE_ARCH = YES;
				SDKROOT = iphoneos;
				SWIFT_ACTIVE_COMPILATION_CONDITIONS = DEBUG;
				SWIFT_OPTIMIZATION_LEVEL = "-Onone";
				VERSIONING_SYSTEM = "apple-generic";
				VERSION_INFO_PREFIX = "";
			};
			name = Debug;
		};
		29ED7B0921E9F21F0094D65D /* Release */ = {
			isa = XCBuildConfiguration;
			buildSettings = {
				ALWAYS_SEARCH_USER_PATHS = NO;
				CLANG_ANALYZER_NONNULL = YES;
				CLANG_ANALYZER_NUMBER_OBJECT_CONVERSION = YES_AGGRESSIVE;
				CLANG_CXX_LANGUAGE_STANDARD = "gnu++14";
				CLANG_CXX_LIBRARY = "libc++";
				CLANG_ENABLE_MODULES = YES;
				CLANG_ENABLE_OBJC_ARC = YES;
				CLANG_ENABLE_OBJC_WEAK = YES;
				CLANG_WARN_BLOCK_CAPTURE_AUTORELEASING = YES;
				CLANG_WARN_BOOL_CONVERSION = YES;
				CLANG_WARN_COMMA = YES;
				CLANG_WARN_CONSTANT_CONVERSION = YES;
				CLANG_WARN_DEPRECATED_OBJC_IMPLEMENTATIONS = YES;
				CLANG_WARN_DIRECT_OBJC_ISA_USAGE = YES_ERROR;
				CLANG_WARN_DOCUMENTATION_COMMENTS = YES;
				CLANG_WARN_EMPTY_BODY = YES;
				CLANG_WARN_ENUM_CONVERSION = YES;
				CLANG_WARN_INFINITE_RECURSION = YES;
				CLANG_WARN_INT_CONVERSION = YES;
				CLANG_WARN_NON_LITERAL_NULL_CONVERSION = YES;
				CLANG_WARN_OBJC_IMPLICIT_RETAIN_SELF = YES;
				CLANG_WARN_OBJC_LITERAL_CONVERSION = YES;
				CLANG_WARN_OBJC_ROOT_CLASS = YES_ERROR;
				CLANG_WARN_RANGE_LOOP_ANALYSIS = YES;
				CLANG_WARN_STRICT_PROTOTYPES = YES;
				CLANG_WARN_SUSPICIOUS_MOVE = YES;
				CLANG_WARN_UNGUARDED_AVAILABILITY = YES_AGGRESSIVE;
				CLANG_WARN_UNREACHABLE_CODE = YES;
				CLANG_WARN__DUPLICATE_METHOD_MATCH = YES;
				CODE_SIGN_IDENTITY = "iPhone Developer";
				COPY_PHASE_STRIP = NO;
				CURRENT_PROJECT_VERSION = 1;
				DEBUG_INFORMATION_FORMAT = "dwarf-with-dsym";
				ENABLE_NS_ASSERTIONS = NO;
				ENABLE_STRICT_OBJC_MSGSEND = YES;
				GCC_C_LANGUAGE_STANDARD = gnu11;
				GCC_NO_COMMON_BLOCKS = YES;
				GCC_WARN_64_TO_32_BIT_CONVERSION = YES;
				GCC_WARN_ABOUT_RETURN_TYPE = YES_ERROR;
				GCC_WARN_UNDECLARED_SELECTOR = YES;
				GCC_WARN_UNINITIALIZED_AUTOS = YES_AGGRESSIVE;
				GCC_WARN_UNUSED_FUNCTION = YES;
				GCC_WARN_UNUSED_VARIABLE = YES;
				IPHONEOS_DEPLOYMENT_TARGET = 12.1;
				MTL_ENABLE_DEBUG_INFO = NO;
				MTL_FAST_MATH = YES;
				SDKROOT = iphoneos;
				SWIFT_COMPILATION_MODE = wholemodule;
				SWIFT_OPTIMIZATION_LEVEL = "-O";
				VALIDATE_PRODUCT = YES;
				VERSIONING_SYSTEM = "apple-generic";
				VERSION_INFO_PREFIX = "";
			};
			name = Release;
		};
		29ED7B0B21E9F21F0094D65D /* Debug */ = {
			isa = XCBuildConfiguration;
			buildSettings = {
				CLANG_ENABLE_MODULES = YES;
				CODE_SIGN_IDENTITY = "";
				CODE_SIGN_STYLE = Automatic;
				DEFINES_MODULE = YES;
				DEVELOPMENT_TEAM = C56P24GUF3;
				DYLIB_COMPATIBILITY_VERSION = 1;
				DYLIB_CURRENT_VERSION = 1;
				DYLIB_INSTALL_NAME_BASE = "@rpath";
				EMBED_ASSET_PACKS_IN_PRODUCT_BUNDLE = NO;
				INFOPLIST_FILE = "$(SRCROOT)/Resources/Info.plist";
				INSTALL_PATH = "$(LOCAL_LIBRARY_DIR)/Frameworks";
				LD_RUNPATH_SEARCH_PATHS = (
					"$(inherited)",
					"@executable_path/Frameworks",
					"@loader_path/Frameworks",
				);
				MACH_O_TYPE = staticlib;
				PRODUCT_BUNDLE_IDENTIFIER = com.nide.NDKit;
				PRODUCT_NAME = "$(TARGET_NAME:c99extidentifier)";
				SKIP_INSTALL = YES;
				SWIFT_OPTIMIZATION_LEVEL = "-Onone";
				SWIFT_VERSION = 5.0;
				TARGETED_DEVICE_FAMILY = "1,2";
			};
			name = Debug;
		};
		29ED7B0C21E9F21F0094D65D /* Release */ = {
			isa = XCBuildConfiguration;
			buildSettings = {
				CLANG_ENABLE_MODULES = YES;
				CODE_SIGN_IDENTITY = "";
				CODE_SIGN_STYLE = Automatic;
				DEFINES_MODULE = YES;
				DEVELOPMENT_TEAM = C56P24GUF3;
				DYLIB_COMPATIBILITY_VERSION = 1;
				DYLIB_CURRENT_VERSION = 1;
				DYLIB_INSTALL_NAME_BASE = "@rpath";
				EMBED_ASSET_PACKS_IN_PRODUCT_BUNDLE = NO;
				INFOPLIST_FILE = "$(SRCROOT)/Resources/Info.plist";
				INSTALL_PATH = "$(LOCAL_LIBRARY_DIR)/Frameworks";
				LD_RUNPATH_SEARCH_PATHS = (
					"$(inherited)",
					"@executable_path/Frameworks",
					"@loader_path/Frameworks",
				);
				MACH_O_TYPE = staticlib;
				PRODUCT_BUNDLE_IDENTIFIER = com.nide.NDKit;
				PRODUCT_NAME = "$(TARGET_NAME:c99extidentifier)";
				SKIP_INSTALL = YES;
				SWIFT_VERSION = 5.0;
				TARGETED_DEVICE_FAMILY = "1,2";
			};
			name = Release;
		};
/* End XCBuildConfiguration section */

/* Begin XCConfigurationList section */
		2959128A221720F90011EC2E /* Build configuration list for PBXNativeTarget "NiDemo" */ = {
			isa = XCConfigurationList;
			buildConfigurations = (
				29591288221720F90011EC2E /* Debug */,
				29591289221720F90011EC2E /* Release */,
			);
			defaultConfigurationIsVisible = 0;
			defaultConfigurationName = Release;
		};
		29ED7AFC21E9F21E0094D65D /* Build configuration list for PBXProject "NDKit" */ = {
			isa = XCConfigurationList;
			buildConfigurations = (
				29ED7B0821E9F21F0094D65D /* Debug */,
				29ED7B0921E9F21F0094D65D /* Release */,
			);
			defaultConfigurationIsVisible = 0;
			defaultConfigurationName = Release;
		};
		29ED7B0A21E9F21F0094D65D /* Build configuration list for PBXNativeTarget "NDKit" */ = {
			isa = XCConfigurationList;
			buildConfigurations = (
				29ED7B0B21E9F21F0094D65D /* Debug */,
				29ED7B0C21E9F21F0094D65D /* Release */,
			);
			defaultConfigurationIsVisible = 0;
			defaultConfigurationName = Release;
		};
/* End XCConfigurationList section */
	};
	rootObject = 29ED7AF921E9F21E0094D65D /* Project object */;
}
